// !$*UTF8*$!
{
	archiveVersion = 1;
	classes = {
	};
	objectVersion = 55;
	objects = {

/* Begin PBXBuildFile section */
		B41C79BE280496BF00DE4AAB /* URLSessionHTTPClient.swift in Sources */ = {isa = PBXBuildFile; fileRef = B41C79BD280496BF00DE4AAB /* URLSessionHTTPClient.swift */; };
		B41C79C62805647C00DE4AAB /* EssentialFeedAPIEndToEndTests.swift in Sources */ = {isa = PBXBuildFile; fileRef = B41C79C52805647C00DE4AAB /* EssentialFeedAPIEndToEndTests.swift */; };
		B41C79C72805647C00DE4AAB /* EssentialFeed.framework in Frameworks */ = {isa = PBXBuildFile; fileRef = B43C122A27FD97FA00ED9929 /* EssentialFeed.framework */; };
		B41C79CD28056DE600DE4AAB /* XCTestCase+MemoryLeaksTracking.swift in Sources */ = {isa = PBXBuildFile; fileRef = B47A1DC828047B8D00DA96A5 /* XCTestCase+MemoryLeaksTracking.swift */; };
		B42B8DB728104C1A00A30611 /* FeedCacheTestHelpers.swift in Sources */ = {isa = PBXBuildFile; fileRef = B42B8DB628104C1A00A30611 /* FeedCacheTestHelpers.swift */; };
		B42B8DB928104D5000A30611 /* SharedTestHelpers.swift in Sources */ = {isa = PBXBuildFile; fileRef = B42B8DB828104D5000A30611 /* SharedTestHelpers.swift */; };
		B42BAC11281198CF00A30611 /* FeedCachePolicy.swift in Sources */ = {isa = PBXBuildFile; fileRef = B42BAC10281198CF00A30611 /* FeedCachePolicy.swift */; };
		B42BE8782814047900A30611 /* CodableFeedStoreTests.swift in Sources */ = {isa = PBXBuildFile; fileRef = B42BE8772814047900A30611 /* CodableFeedStoreTests.swift */; };
		B42BE87A2815733400A30611 /* CodableFeedStore.swift in Sources */ = {isa = PBXBuildFile; fileRef = B42BE8792815733400A30611 /* CodableFeedStore.swift */; };
		B43C123327FD97FA00ED9929 /* EssentialFeed.framework in Frameworks */ = {isa = PBXBuildFile; fileRef = B43C122A27FD97FA00ED9929 /* EssentialFeed.framework */; };
		B43C123927FD97FA00ED9929 /* EssentialFeed.h in Headers */ = {isa = PBXBuildFile; fileRef = B43C122D27FD97FA00ED9929 /* EssentialFeed.h */; settings = {ATTRIBUTES = (Public, ); }; };
		B43C124527FD993A00ED9929 /* FeedImage.swift in Sources */ = {isa = PBXBuildFile; fileRef = B43C124427FD993A00ED9929 /* FeedImage.swift */; };
		B43C124727FD99D700ED9929 /* FeedLoader.swift in Sources */ = {isa = PBXBuildFile; fileRef = B43C124627FD99D700ED9929 /* FeedLoader.swift */; };
		B43C124A27FDF78900ED9929 /* LoadFeedFromRemoteUseCaseTests.swift in Sources */ = {isa = PBXBuildFile; fileRef = B43C124927FDF78900ED9929 /* LoadFeedFromRemoteUseCaseTests.swift */; };
		B4494A84280C3A550039B8B3 /* RemoteFeedItem.swift in Sources */ = {isa = PBXBuildFile; fileRef = B4494A83280C3A550039B8B3 /* RemoteFeedItem.swift */; };
		B4494A86280C3ACD0039B8B3 /* LocalFeedImage.swift in Sources */ = {isa = PBXBuildFile; fileRef = B4494A85280C3ACD0039B8B3 /* LocalFeedImage.swift */; };
		B467966227FEE7BF00A1A211 /* RemoteFeedLoader.swift in Sources */ = {isa = PBXBuildFile; fileRef = B467966127FEE7BF00A1A211 /* RemoteFeedLoader.swift */; };
		B47A1DC12801DE6600DA96A5 /* HTTPClient.swift in Sources */ = {isa = PBXBuildFile; fileRef = B47A1DC02801DE6600DA96A5 /* HTTPClient.swift */; };
		B47A1DC32801DF5800DA96A5 /* FeedItemsMapper.swift in Sources */ = {isa = PBXBuildFile; fileRef = B47A1DC22801DF5800DA96A5 /* FeedItemsMapper.swift */; };
		B47A1DC6280313DA00DA96A5 /* URLSessionHTTPClientTests.swift in Sources */ = {isa = PBXBuildFile; fileRef = B47A1DC5280313DA00DA96A5 /* URLSessionHTTPClientTests.swift */; };
		B47A1DC928047B8D00DA96A5 /* XCTestCase+MemoryLeaksTracking.swift in Sources */ = {isa = PBXBuildFile; fileRef = B47A1DC828047B8D00DA96A5 /* XCTestCase+MemoryLeaksTracking.swift */; };
		B47FE46C28097AFC00AFFBB0 /* CacheFeedUseCaseTests.swift in Sources */ = {isa = PBXBuildFile; fileRef = B47FE46B28097AFC00AFFBB0 /* CacheFeedUseCaseTests.swift */; };
		B47FE46F280AD1B700AFFBB0 /* LocalFeedLoader.swift in Sources */ = {isa = PBXBuildFile; fileRef = B47FE46E280AD1B700AFFBB0 /* LocalFeedLoader.swift */; };
		B47FE471280AD27800AFFBB0 /* FeedStore.swift in Sources */ = {isa = PBXBuildFile; fileRef = B47FE470280AD27800AFFBB0 /* FeedStore.swift */; };
		B48853FC280D9E7B00D38338 /* LoadFeedFromCacheUseCaseTests.swift in Sources */ = {isa = PBXBuildFile; fileRef = B48853FB280D9E7B00D38338 /* LoadFeedFromCacheUseCaseTests.swift */; };
		B4D5DA6E280DA0400008EA7E /* FeedStoreSpy.swift in Sources */ = {isa = PBXBuildFile; fileRef = B4D5DA6D280DA0400008EA7E /* FeedStoreSpy.swift */; };
		B4D5F2B8281044B00008EA7E /* ValidateFeedCacheUseCaseTests.swift in Sources */ = {isa = PBXBuildFile; fileRef = B4D5F2B7281044B00008EA7E /* ValidateFeedCacheUseCaseTests.swift */; };
		B4DC9F3C2816C5410062C8BD /* FeedStoreSpecs.swift in Sources */ = {isa = PBXBuildFile; fileRef = B4DC9F3B2816C5410062C8BD /* FeedStoreSpecs.swift */; };
		B4DC9F3E2816C65D0062C8BD /* XCTestCase+FeedStoreSpecs.swift in Sources */ = {isa = PBXBuildFile; fileRef = B4DC9F3D2816C65D0062C8BD /* XCTestCase+FeedStoreSpecs.swift */; };
/* End PBXBuildFile section */

/* Begin PBXContainerItemProxy section */
		B41C79C82805647C00DE4AAB /* PBXContainerItemProxy */ = {
			isa = PBXContainerItemProxy;
			containerPortal = B43C122127FD97FA00ED9929 /* Project object */;
			proxyType = 1;
			remoteGlobalIDString = B43C122927FD97FA00ED9929;
			remoteInfo = EssentialFeed;
		};
		B43C123427FD97FA00ED9929 /* PBXContainerItemProxy */ = {
			isa = PBXContainerItemProxy;
			containerPortal = B43C122127FD97FA00ED9929 /* Project object */;
			proxyType = 1;
			remoteGlobalIDString = B43C122927FD97FA00ED9929;
			remoteInfo = EssentialFeed;
		};
/* End PBXContainerItemProxy section */

/* Begin PBXFileReference section */
		B41C79BD280496BF00DE4AAB /* URLSessionHTTPClient.swift */ = {isa = PBXFileReference; lastKnownFileType = sourcecode.swift; path = URLSessionHTTPClient.swift; sourceTree = "<group>"; };
		B41C79C32805647C00DE4AAB /* EssentialFeedAPIEndToEndTests.xctest */ = {isa = PBXFileReference; explicitFileType = wrapper.cfbundle; includeInIndex = 0; path = EssentialFeedAPIEndToEndTests.xctest; sourceTree = BUILT_PRODUCTS_DIR; };
		B41C79C52805647C00DE4AAB /* EssentialFeedAPIEndToEndTests.swift */ = {isa = PBXFileReference; lastKnownFileType = sourcecode.swift; path = EssentialFeedAPIEndToEndTests.swift; sourceTree = "<group>"; };
		B42B8DB628104C1A00A30611 /* FeedCacheTestHelpers.swift */ = {isa = PBXFileReference; lastKnownFileType = sourcecode.swift; path = FeedCacheTestHelpers.swift; sourceTree = "<group>"; };
		B42B8DB828104D5000A30611 /* SharedTestHelpers.swift */ = {isa = PBXFileReference; lastKnownFileType = sourcecode.swift; path = SharedTestHelpers.swift; sourceTree = "<group>"; };
		B42BAC10281198CF00A30611 /* FeedCachePolicy.swift */ = {isa = PBXFileReference; lastKnownFileType = sourcecode.swift; path = FeedCachePolicy.swift; sourceTree = "<group>"; };
		B42BE8772814047900A30611 /* CodableFeedStoreTests.swift */ = {isa = PBXFileReference; lastKnownFileType = sourcecode.swift; path = CodableFeedStoreTests.swift; sourceTree = "<group>"; };
		B42BE8792815733400A30611 /* CodableFeedStore.swift */ = {isa = PBXFileReference; lastKnownFileType = sourcecode.swift; path = CodableFeedStore.swift; sourceTree = "<group>"; };
		B43C122A27FD97FA00ED9929 /* EssentialFeed.framework */ = {isa = PBXFileReference; explicitFileType = wrapper.framework; includeInIndex = 0; path = EssentialFeed.framework; sourceTree = BUILT_PRODUCTS_DIR; };
		B43C122D27FD97FA00ED9929 /* EssentialFeed.h */ = {isa = PBXFileReference; lastKnownFileType = sourcecode.c.h; path = EssentialFeed.h; sourceTree = "<group>"; };
		B43C123227FD97FA00ED9929 /* EssentialFeedTests.xctest */ = {isa = PBXFileReference; explicitFileType = wrapper.cfbundle; includeInIndex = 0; path = EssentialFeedTests.xctest; sourceTree = BUILT_PRODUCTS_DIR; };
		B43C124427FD993A00ED9929 /* FeedImage.swift */ = {isa = PBXFileReference; lastKnownFileType = sourcecode.swift; path = FeedImage.swift; sourceTree = "<group>"; };
		B43C124627FD99D700ED9929 /* FeedLoader.swift */ = {isa = PBXFileReference; lastKnownFileType = sourcecode.swift; path = FeedLoader.swift; sourceTree = "<group>"; };
		B43C124927FDF78900ED9929 /* LoadFeedFromRemoteUseCaseTests.swift */ = {isa = PBXFileReference; lastKnownFileType = sourcecode.swift; path = LoadFeedFromRemoteUseCaseTests.swift; sourceTree = "<group>"; };
		B4494A83280C3A550039B8B3 /* RemoteFeedItem.swift */ = {isa = PBXFileReference; lastKnownFileType = sourcecode.swift; path = RemoteFeedItem.swift; sourceTree = "<group>"; };
		B4494A85280C3ACD0039B8B3 /* LocalFeedImage.swift */ = {isa = PBXFileReference; lastKnownFileType = sourcecode.swift; path = LocalFeedImage.swift; sourceTree = "<group>"; };
		B467966127FEE7BF00A1A211 /* RemoteFeedLoader.swift */ = {isa = PBXFileReference; lastKnownFileType = sourcecode.swift; path = RemoteFeedLoader.swift; sourceTree = "<group>"; };
		B47A1DC02801DE6600DA96A5 /* HTTPClient.swift */ = {isa = PBXFileReference; lastKnownFileType = sourcecode.swift; path = HTTPClient.swift; sourceTree = "<group>"; };
		B47A1DC22801DF5800DA96A5 /* FeedItemsMapper.swift */ = {isa = PBXFileReference; lastKnownFileType = sourcecode.swift; path = FeedItemsMapper.swift; sourceTree = "<group>"; };
		B47A1DC5280313DA00DA96A5 /* URLSessionHTTPClientTests.swift */ = {isa = PBXFileReference; lastKnownFileType = sourcecode.swift; path = URLSessionHTTPClientTests.swift; sourceTree = "<group>"; };
		B47A1DC828047B8D00DA96A5 /* XCTestCase+MemoryLeaksTracking.swift */ = {isa = PBXFileReference; lastKnownFileType = sourcecode.swift; path = "XCTestCase+MemoryLeaksTracking.swift"; sourceTree = "<group>"; };
		B47FE46B28097AFC00AFFBB0 /* CacheFeedUseCaseTests.swift */ = {isa = PBXFileReference; lastKnownFileType = sourcecode.swift; path = CacheFeedUseCaseTests.swift; sourceTree = "<group>"; };
		B47FE46E280AD1B700AFFBB0 /* LocalFeedLoader.swift */ = {isa = PBXFileReference; lastKnownFileType = sourcecode.swift; path = LocalFeedLoader.swift; sourceTree = "<group>"; };
		B47FE470280AD27800AFFBB0 /* FeedStore.swift */ = {isa = PBXFileReference; lastKnownFileType = sourcecode.swift; path = FeedStore.swift; sourceTree = "<group>"; };
		B48853FB280D9E7B00D38338 /* LoadFeedFromCacheUseCaseTests.swift */ = {isa = PBXFileReference; lastKnownFileType = sourcecode.swift; path = LoadFeedFromCacheUseCaseTests.swift; sourceTree = "<group>"; };
		B4D5DA6D280DA0400008EA7E /* FeedStoreSpy.swift */ = {isa = PBXFileReference; lastKnownFileType = sourcecode.swift; path = FeedStoreSpy.swift; sourceTree = "<group>"; };
		B4D5F2B7281044B00008EA7E /* ValidateFeedCacheUseCaseTests.swift */ = {isa = PBXFileReference; lastKnownFileType = sourcecode.swift; path = ValidateFeedCacheUseCaseTests.swift; sourceTree = "<group>"; };
		B4DC9F3B2816C5410062C8BD /* FeedStoreSpecs.swift */ = {isa = PBXFileReference; lastKnownFileType = sourcecode.swift; path = FeedStoreSpecs.swift; sourceTree = "<group>"; };
		B4DC9F3D2816C65D0062C8BD /* XCTestCase+FeedStoreSpecs.swift */ = {isa = PBXFileReference; lastKnownFileType = sourcecode.swift; path = "XCTestCase+FeedStoreSpecs.swift"; sourceTree = "<group>"; };
/* End PBXFileReference section */

/* Begin PBXFrameworksBuildPhase section */
		B41C79C02805647C00DE4AAB /* Frameworks */ = {
			isa = PBXFrameworksBuildPhase;
			buildActionMask = 2147483647;
			files = (
				B41C79C72805647C00DE4AAB /* EssentialFeed.framework in Frameworks */,
			);
			runOnlyForDeploymentPostprocessing = 0;
		};
		B43C122727FD97FA00ED9929 /* Frameworks */ = {
			isa = PBXFrameworksBuildPhase;
			buildActionMask = 2147483647;
			files = (
			);
			runOnlyForDeploymentPostprocessing = 0;
		};
		B43C122F27FD97FA00ED9929 /* Frameworks */ = {
			isa = PBXFrameworksBuildPhase;
			buildActionMask = 2147483647;
			files = (
				B43C123327FD97FA00ED9929 /* EssentialFeed.framework in Frameworks */,
			);
			runOnlyForDeploymentPostprocessing = 0;
		};
/* End PBXFrameworksBuildPhase section */

/* Begin PBXGroup section */
		B41C79C42805647C00DE4AAB /* EssentialFeedAPIEndToEndTests */ = {
			isa = PBXGroup;
			children = (
				B41C79C52805647C00DE4AAB /* EssentialFeedAPIEndToEndTests.swift */,
			);
			path = EssentialFeedAPIEndToEndTests;
			sourceTree = "<group>";
		};
		B43C122027FD97FA00ED9929 = {
			isa = PBXGroup;
			children = (
				B43C122C27FD97FA00ED9929 /* EssentialFeed */,
				B43C123627FD97FA00ED9929 /* EssentialFeedTests */,
				B41C79C42805647C00DE4AAB /* EssentialFeedAPIEndToEndTests */,
				B43C122B27FD97FA00ED9929 /* Products */,
			);
			sourceTree = "<group>";
		};
		B43C122B27FD97FA00ED9929 /* Products */ = {
			isa = PBXGroup;
			children = (
				B43C122A27FD97FA00ED9929 /* EssentialFeed.framework */,
				B43C123227FD97FA00ED9929 /* EssentialFeedTests.xctest */,
				B41C79C32805647C00DE4AAB /* EssentialFeedAPIEndToEndTests.xctest */,
			);
			name = Products;
			sourceTree = "<group>";
		};
		B43C122C27FD97FA00ED9929 /* EssentialFeed */ = {
			isa = PBXGroup;
			children = (
				B43C122D27FD97FA00ED9929 /* EssentialFeed.h */,
				B47FE46D280AD1A500AFFBB0 /* Feed Cache */,
				B43C124827FD9ADD00ED9929 /* Feed Feature */,
				B467966027FEE78E00A1A211 /* Feed API */,
			);
			path = EssentialFeed;
			sourceTree = "<group>";
		};
		B43C123627FD97FA00ED9929 /* EssentialFeedTests */ = {
			isa = PBXGroup;
			children = (
				B47A1DC728047B6D00DA96A5 /* Helpers */,
				B47FE46A28097AD700AFFBB0 /* Feed Cache */,
				B47A1DC42801EAA200DA96A5 /* Feed API */,
			);
			path = EssentialFeedTests;
			sourceTree = "<group>";
		};
		B43C124827FD9ADD00ED9929 /* Feed Feature */ = {
			isa = PBXGroup;
			children = (
				B43C124427FD993A00ED9929 /* FeedImage.swift */,
				B43C124627FD99D700ED9929 /* FeedLoader.swift */,
			);
			path = "Feed Feature";
			sourceTree = "<group>";
		};
		B467966027FEE78E00A1A211 /* Feed API */ = {
			isa = PBXGroup;
			children = (
				B467966127FEE7BF00A1A211 /* RemoteFeedLoader.swift */,
				B47A1DC02801DE6600DA96A5 /* HTTPClient.swift */,
				B47A1DC22801DF5800DA96A5 /* FeedItemsMapper.swift */,
				B41C79BD280496BF00DE4AAB /* URLSessionHTTPClient.swift */,
				B4494A83280C3A550039B8B3 /* RemoteFeedItem.swift */,
			);
			path = "Feed API";
			sourceTree = "<group>";
		};
		B47A1DC42801EAA200DA96A5 /* Feed API */ = {
			isa = PBXGroup;
			children = (
				B43C124927FDF78900ED9929 /* LoadFeedFromRemoteUseCaseTests.swift */,
				B47A1DC5280313DA00DA96A5 /* URLSessionHTTPClientTests.swift */,
			);
			path = "Feed API";
			sourceTree = "<group>";
		};
		B47A1DC728047B6D00DA96A5 /* Helpers */ = {
			isa = PBXGroup;
			children = (
				B47A1DC828047B8D00DA96A5 /* XCTestCase+MemoryLeaksTracking.swift */,
				B42B8DB828104D5000A30611 /* SharedTestHelpers.swift */,
			);
			path = Helpers;
			sourceTree = "<group>";
		};
		B47FE46A28097AD700AFFBB0 /* Feed Cache */ = {
			isa = PBXGroup;
			children = (
				B4D5DA6C280DA0320008EA7E /* Helpers */,
				B47FE46B28097AFC00AFFBB0 /* CacheFeedUseCaseTests.swift */,
				B48853FB280D9E7B00D38338 /* LoadFeedFromCacheUseCaseTests.swift */,
				B4D5F2B7281044B00008EA7E /* ValidateFeedCacheUseCaseTests.swift */,
				B42BE8772814047900A30611 /* CodableFeedStoreTests.swift */,
				B4DC9F3B2816C5410062C8BD /* FeedStoreSpecs.swift */,
			);
			path = "Feed Cache";
			sourceTree = "<group>";
		};
		B47FE46D280AD1A500AFFBB0 /* Feed Cache */ = {
			isa = PBXGroup;
			children = (
				B47FE46E280AD1B700AFFBB0 /* LocalFeedLoader.swift */,
				B47FE470280AD27800AFFBB0 /* FeedStore.swift */,
				B4494A85280C3ACD0039B8B3 /* LocalFeedImage.swift */,
				B42BAC10281198CF00A30611 /* FeedCachePolicy.swift */,
				B42BE8792815733400A30611 /* CodableFeedStore.swift */,
			);
			path = "Feed Cache";
			sourceTree = "<group>";
		};
		B4D5DA6C280DA0320008EA7E /* Helpers */ = {
			isa = PBXGroup;
			children = (
				B4D5DA6D280DA0400008EA7E /* FeedStoreSpy.swift */,
				B42B8DB628104C1A00A30611 /* FeedCacheTestHelpers.swift */,
				B4DC9F3D2816C65D0062C8BD /* XCTestCase+FeedStoreSpecs.swift */,
			);
			path = Helpers;
			sourceTree = "<group>";
		};
/* End PBXGroup section */

/* Begin PBXHeadersBuildPhase section */
		B43C122527FD97FA00ED9929 /* Headers */ = {
			isa = PBXHeadersBuildPhase;
			buildActionMask = 2147483647;
			files = (
				B43C123927FD97FA00ED9929 /* EssentialFeed.h in Headers */,
			);
			runOnlyForDeploymentPostprocessing = 0;
		};
/* End PBXHeadersBuildPhase section */

/* Begin PBXNativeTarget section */
		B41C79C22805647C00DE4AAB /* EssentialFeedAPIEndToEndTests */ = {
			isa = PBXNativeTarget;
			buildConfigurationList = B41C79CC2805647C00DE4AAB /* Build configuration list for PBXNativeTarget "EssentialFeedAPIEndToEndTests" */;
			buildPhases = (
				B41C79BF2805647C00DE4AAB /* Sources */,
				B41C79C02805647C00DE4AAB /* Frameworks */,
				B41C79C12805647C00DE4AAB /* Resources */,
			);
			buildRules = (
			);
			dependencies = (
				B41C79C92805647C00DE4AAB /* PBXTargetDependency */,
			);
			name = EssentialFeedAPIEndToEndTests;
			productName = EssentialFeedAPIEndToEndTests;
			productReference = B41C79C32805647C00DE4AAB /* EssentialFeedAPIEndToEndTests.xctest */;
			productType = "com.apple.product-type.bundle.unit-test";
		};
		B43C122927FD97FA00ED9929 /* EssentialFeed */ = {
			isa = PBXNativeTarget;
			buildConfigurationList = B43C123C27FD97FA00ED9929 /* Build configuration list for PBXNativeTarget "EssentialFeed" */;
			buildPhases = (
				B43C122527FD97FA00ED9929 /* Headers */,
				B43C122627FD97FA00ED9929 /* Sources */,
				B43C122727FD97FA00ED9929 /* Frameworks */,
				B43C122827FD97FA00ED9929 /* Resources */,
			);
			buildRules = (
			);
			dependencies = (
			);
			name = EssentialFeed;
			productName = EssentialFeed;
			productReference = B43C122A27FD97FA00ED9929 /* EssentialFeed.framework */;
			productType = "com.apple.product-type.framework";
		};
		B43C123127FD97FA00ED9929 /* EssentialFeedTests */ = {
			isa = PBXNativeTarget;
			buildConfigurationList = B43C123F27FD97FA00ED9929 /* Build configuration list for PBXNativeTarget "EssentialFeedTests" */;
			buildPhases = (
				B43C122E27FD97FA00ED9929 /* Sources */,
				B43C122F27FD97FA00ED9929 /* Frameworks */,
				B43C123027FD97FA00ED9929 /* Resources */,
			);
			buildRules = (
			);
			dependencies = (
				B43C123527FD97FA00ED9929 /* PBXTargetDependency */,
			);
			name = EssentialFeedTests;
			productName = EssentialFeedTests;
			productReference = B43C123227FD97FA00ED9929 /* EssentialFeedTests.xctest */;
			productType = "com.apple.product-type.bundle.unit-test";
		};
/* End PBXNativeTarget section */

/* Begin PBXProject section */
		B43C122127FD97FA00ED9929 /* Project object */ = {
			isa = PBXProject;
			attributes = {
				BuildIndependentTargetsInParallel = 1;
				LastSwiftUpdateCheck = 1330;
				LastUpgradeCheck = 1330;
				TargetAttributes = {
					B41C79C22805647C00DE4AAB = {
						CreatedOnToolsVersion = 13.3;
					};
					B43C122927FD97FA00ED9929 = {
						CreatedOnToolsVersion = 13.3;
						LastSwiftMigration = 1330;
					};
					B43C123127FD97FA00ED9929 = {
						CreatedOnToolsVersion = 13.3;
					};
				};
			};
			buildConfigurationList = B43C122427FD97FA00ED9929 /* Build configuration list for PBXProject "EssentialFeed" */;
			compatibilityVersion = "Xcode 13.0";
			developmentRegion = en;
			hasScannedForEncodings = 0;
			knownRegions = (
				en,
				Base,
			);
			mainGroup = B43C122027FD97FA00ED9929;
			productRefGroup = B43C122B27FD97FA00ED9929 /* Products */;
			projectDirPath = "";
			projectRoot = "";
			targets = (
				B43C122927FD97FA00ED9929 /* EssentialFeed */,
				B43C123127FD97FA00ED9929 /* EssentialFeedTests */,
				B41C79C22805647C00DE4AAB /* EssentialFeedAPIEndToEndTests */,
			);
		};
/* End PBXProject section */

/* Begin PBXResourcesBuildPhase section */
		B41C79C12805647C00DE4AAB /* Resources */ = {
			isa = PBXResourcesBuildPhase;
			buildActionMask = 2147483647;
			files = (
			);
			runOnlyForDeploymentPostprocessing = 0;
		};
		B43C122827FD97FA00ED9929 /* Resources */ = {
			isa = PBXResourcesBuildPhase;
			buildActionMask = 2147483647;
			files = (
			);
			runOnlyForDeploymentPostprocessing = 0;
		};
		B43C123027FD97FA00ED9929 /* Resources */ = {
			isa = PBXResourcesBuildPhase;
			buildActionMask = 2147483647;
			files = (
			);
			runOnlyForDeploymentPostprocessing = 0;
		};
/* End PBXResourcesBuildPhase section */

/* Begin PBXSourcesBuildPhase section */
		B41C79BF2805647C00DE4AAB /* Sources */ = {
			isa = PBXSourcesBuildPhase;
			buildActionMask = 2147483647;
			files = (
				B41C79C62805647C00DE4AAB /* EssentialFeedAPIEndToEndTests.swift in Sources */,
				B41C79CD28056DE600DE4AAB /* XCTestCase+MemoryLeaksTracking.swift in Sources */,
			);
			runOnlyForDeploymentPostprocessing = 0;
		};
		B43C122627FD97FA00ED9929 /* Sources */ = {
			isa = PBXSourcesBuildPhase;
			buildActionMask = 2147483647;
			files = (
				B47A1DC32801DF5800DA96A5 /* FeedItemsMapper.swift in Sources */,
				B43C124727FD99D700ED9929 /* FeedLoader.swift in Sources */,
				B4494A84280C3A550039B8B3 /* RemoteFeedItem.swift in Sources */,
				B42BAC11281198CF00A30611 /* FeedCachePolicy.swift in Sources */,
				B467966227FEE7BF00A1A211 /* RemoteFeedLoader.swift in Sources */,
				B4494A86280C3ACD0039B8B3 /* LocalFeedImage.swift in Sources */,
				B47FE471280AD27800AFFBB0 /* FeedStore.swift in Sources */,
				B47FE46F280AD1B700AFFBB0 /* LocalFeedLoader.swift in Sources */,
				B42BE87A2815733400A30611 /* CodableFeedStore.swift in Sources */,
				B47A1DC12801DE6600DA96A5 /* HTTPClient.swift in Sources */,
				B43C124527FD993A00ED9929 /* FeedImage.swift in Sources */,
				B41C79BE280496BF00DE4AAB /* URLSessionHTTPClient.swift in Sources */,
			);
			runOnlyForDeploymentPostprocessing = 0;
		};
		B43C122E27FD97FA00ED9929 /* Sources */ = {
			isa = PBXSourcesBuildPhase;
			buildActionMask = 2147483647;
			files = (
				B42BE8782814047900A30611 /* CodableFeedStoreTests.swift in Sources */,
				B42B8DB728104C1A00A30611 /* FeedCacheTestHelpers.swift in Sources */,
				B4D5F2B8281044B00008EA7E /* ValidateFeedCacheUseCaseTests.swift in Sources */,
				B43C124A27FDF78900ED9929 /* LoadFeedFromRemoteUseCaseTests.swift in Sources */,
				B47A1DC928047B8D00DA96A5 /* XCTestCase+MemoryLeaksTracking.swift in Sources */,
				B4D5DA6E280DA0400008EA7E /* FeedStoreSpy.swift in Sources */,
				B42B8DB928104D5000A30611 /* SharedTestHelpers.swift in Sources */,
				B47FE46C28097AFC00AFFBB0 /* CacheFeedUseCaseTests.swift in Sources */,
				B48853FC280D9E7B00D38338 /* LoadFeedFromCacheUseCaseTests.swift in Sources */,
				B4DC9F3C2816C5410062C8BD /* FeedStoreSpecs.swift in Sources */,
				B47A1DC6280313DA00DA96A5 /* URLSessionHTTPClientTests.swift in Sources */,
				B4DC9F3E2816C65D0062C8BD /* XCTestCase+FeedStoreSpecs.swift in Sources */,
			);
			runOnlyForDeploymentPostprocessing = 0;
		};
/* End PBXSourcesBuildPhase section */

/* Begin PBXTargetDependency section */
		B41C79C92805647C00DE4AAB /* PBXTargetDependency */ = {
			isa = PBXTargetDependency;
			target = B43C122927FD97FA00ED9929 /* EssentialFeed */;
			targetProxy = B41C79C82805647C00DE4AAB /* PBXContainerItemProxy */;
		};
		B43C123527FD97FA00ED9929 /* PBXTargetDependency */ = {
			isa = PBXTargetDependency;
			target = B43C122927FD97FA00ED9929 /* EssentialFeed */;
			targetProxy = B43C123427FD97FA00ED9929 /* PBXContainerItemProxy */;
		};
/* End PBXTargetDependency section */

/* Begin XCBuildConfiguration section */
		B41C79CA2805647C00DE4AAB /* Debug */ = {
			isa = XCBuildConfiguration;
			buildSettings = {
				CODE_SIGN_STYLE = Automatic;
				CURRENT_PROJECT_VERSION = 1;
				GENERATE_INFOPLIST_FILE = YES;
				MARKETING_VERSION = 1.0;
				PRODUCT_BUNDLE_IDENTIFIER = com.kittisakphetrungnapha.EssentialFeedAPIEndToEndTests;
				PRODUCT_NAME = "$(TARGET_NAME)";
				SWIFT_EMIT_LOC_STRINGS = NO;
				SWIFT_VERSION = 5.0;
			};
			name = Debug;
		};
		B41C79CB2805647C00DE4AAB /* Release */ = {
			isa = XCBuildConfiguration;
			buildSettings = {
				CODE_SIGN_STYLE = Automatic;
				CURRENT_PROJECT_VERSION = 1;
				GENERATE_INFOPLIST_FILE = YES;
				MARKETING_VERSION = 1.0;
				PRODUCT_BUNDLE_IDENTIFIER = com.kittisakphetrungnapha.EssentialFeedAPIEndToEndTests;
				PRODUCT_NAME = "$(TARGET_NAME)";
				SWIFT_EMIT_LOC_STRINGS = NO;
				SWIFT_VERSION = 5.0;
			};
			name = Release;
		};
		B43C123A27FD97FA00ED9929 /* Debug */ = {
			isa = XCBuildConfiguration;
			buildSettings = {
				ALWAYS_SEARCH_USER_PATHS = NO;
				CLANG_ANALYZER_NONNULL = YES;
				CLANG_ANALYZER_NUMBER_OBJECT_CONVERSION = YES_AGGRESSIVE;
				CLANG_CXX_LANGUAGE_STANDARD = "gnu++17";
				CLANG_ENABLE_MODULES = YES;
				CLANG_ENABLE_OBJC_ARC = YES;
				CLANG_ENABLE_OBJC_WEAK = YES;
				CLANG_WARN_BLOCK_CAPTURE_AUTORELEASING = YES;
				CLANG_WARN_BOOL_CONVERSION = YES;
				CLANG_WARN_COMMA = YES;
				CLANG_WARN_CONSTANT_CONVERSION = YES;
				CLANG_WARN_DEPRECATED_OBJC_IMPLEMENTATIONS = YES;
				CLANG_WARN_DIRECT_OBJC_ISA_USAGE = YES_ERROR;
				CLANG_WARN_DOCUMENTATION_COMMENTS = YES;
				CLANG_WARN_EMPTY_BODY = YES;
				CLANG_WARN_ENUM_CONVERSION = YES;
				CLANG_WARN_INFINITE_RECURSION = YES;
				CLANG_WARN_INT_CONVERSION = YES;
				CLANG_WARN_NON_LITERAL_NULL_CONVERSION = YES;
				CLANG_WARN_OBJC_IMPLICIT_RETAIN_SELF = YES;
				CLANG_WARN_OBJC_LITERAL_CONVERSION = YES;
				CLANG_WARN_OBJC_ROOT_CLASS = YES_ERROR;
				CLANG_WARN_QUOTED_INCLUDE_IN_FRAMEWORK_HEADER = YES;
				CLANG_WARN_RANGE_LOOP_ANALYSIS = YES;
				CLANG_WARN_STRICT_PROTOTYPES = YES;
				CLANG_WARN_SUSPICIOUS_MOVE = YES;
				CLANG_WARN_UNGUARDED_AVAILABILITY = YES_AGGRESSIVE;
				CLANG_WARN_UNREACHABLE_CODE = YES;
				CLANG_WARN__DUPLICATE_METHOD_MATCH = YES;
				COPY_PHASE_STRIP = NO;
				CURRENT_PROJECT_VERSION = 1;
				DEBUG_INFORMATION_FORMAT = dwarf;
				ENABLE_STRICT_OBJC_MSGSEND = YES;
				ENABLE_TESTABILITY = YES;
				GCC_C_LANGUAGE_STANDARD = gnu11;
				GCC_DYNAMIC_NO_PIC = NO;
				GCC_NO_COMMON_BLOCKS = YES;
				GCC_OPTIMIZATION_LEVEL = 0;
				GCC_PREPROCESSOR_DEFINITIONS = (
					"DEBUG=1",
					"$(inherited)",
				);
				GCC_WARN_64_TO_32_BIT_CONVERSION = YES;
				GCC_WARN_ABOUT_RETURN_TYPE = YES_ERROR;
				GCC_WARN_UNDECLARED_SELECTOR = YES;
				GCC_WARN_UNINITIALIZED_AUTOS = YES_AGGRESSIVE;
				GCC_WARN_UNUSED_FUNCTION = YES;
				GCC_WARN_UNUSED_VARIABLE = YES;
				MACOSX_DEPLOYMENT_TARGET = 12.3;
				MTL_ENABLE_DEBUG_INFO = INCLUDE_SOURCE;
				MTL_FAST_MATH = YES;
				ONLY_ACTIVE_ARCH = YES;
				SDKROOT = macosx;
				SWIFT_ACTIVE_COMPILATION_CONDITIONS = DEBUG;
				SWIFT_OPTIMIZATION_LEVEL = "-Onone";
				VERSIONING_SYSTEM = "apple-generic";
				VERSION_INFO_PREFIX = "";
			};
			name = Debug;
		};
		B43C123B27FD97FA00ED9929 /* Release */ = {
			isa = XCBuildConfiguration;
			buildSettings = {
				ALWAYS_SEARCH_USER_PATHS = NO;
				CLANG_ANALYZER_NONNULL = YES;
				CLANG_ANALYZER_NUMBER_OBJECT_CONVERSION = YES_AGGRESSIVE;
				CLANG_CXX_LANGUAGE_STANDARD = "gnu++17";
				CLANG_ENABLE_MODULES = YES;
				CLANG_ENABLE_OBJC_ARC = YES;
				CLANG_ENABLE_OBJC_WEAK = YES;
				CLANG_WARN_BLOCK_CAPTURE_AUTORELEASING = YES;
				CLANG_WARN_BOOL_CONVERSION = YES;
				CLANG_WARN_COMMA = YES;
				CLANG_WARN_CONSTANT_CONVERSION = YES;
				CLANG_WARN_DEPRECATED_OBJC_IMPLEMENTATIONS = YES;
				CLANG_WARN_DIRECT_OBJC_ISA_USAGE = YES_ERROR;
				CLANG_WARN_DOCUMENTATION_COMMENTS = YES;
				CLANG_WARN_EMPTY_BODY = YES;
				CLANG_WARN_ENUM_CONVERSION = YES;
				CLANG_WARN_INFINITE_RECURSION = YES;
				CLANG_WARN_INT_CONVERSION = YES;
				CLANG_WARN_NON_LITERAL_NULL_CONVERSION = YES;
				CLANG_WARN_OBJC_IMPLICIT_RETAIN_SELF = YES;
				CLANG_WARN_OBJC_LITERAL_CONVERSION = YES;
				CLANG_WARN_OBJC_ROOT_CLASS = YES_ERROR;
				CLANG_WARN_QUOTED_INCLUDE_IN_FRAMEWORK_HEADER = YES;
				CLANG_WARN_RANGE_LOOP_ANALYSIS = YES;
				CLANG_WARN_STRICT_PROTOTYPES = YES;
				CLANG_WARN_SUSPICIOUS_MOVE = YES;
				CLANG_WARN_UNGUARDED_AVAILABILITY = YES_AGGRESSIVE;
				CLANG_WARN_UNREACHABLE_CODE = YES;
				CLANG_WARN__DUPLICATE_METHOD_MATCH = YES;
				COPY_PHASE_STRIP = NO;
				CURRENT_PROJECT_VERSION = 1;
				DEBUG_INFORMATION_FORMAT = "dwarf-with-dsym";
				ENABLE_NS_ASSERTIONS = NO;
				ENABLE_STRICT_OBJC_MSGSEND = YES;
				GCC_C_LANGUAGE_STANDARD = gnu11;
				GCC_NO_COMMON_BLOCKS = YES;
				GCC_WARN_64_TO_32_BIT_CONVERSION = YES;
				GCC_WARN_ABOUT_RETURN_TYPE = YES_ERROR;
				GCC_WARN_UNDECLARED_SELECTOR = YES;
				GCC_WARN_UNINITIALIZED_AUTOS = YES_AGGRESSIVE;
				GCC_WARN_UNUSED_FUNCTION = YES;
				GCC_WARN_UNUSED_VARIABLE = YES;
				MACOSX_DEPLOYMENT_TARGET = 12.3;
				MTL_ENABLE_DEBUG_INFO = NO;
				MTL_FAST_MATH = YES;
				SDKROOT = macosx;
				SWIFT_COMPILATION_MODE = wholemodule;
				SWIFT_OPTIMIZATION_LEVEL = "-O";
				VERSIONING_SYSTEM = "apple-generic";
				VERSION_INFO_PREFIX = "";
			};
			name = Release;
		};
		B43C123D27FD97FA00ED9929 /* Debug */ = {
			isa = XCBuildConfiguration;
			buildSettings = {
				CLANG_ENABLE_MODULES = YES;
				CODE_SIGN_STYLE = Automatic;
				COMBINE_HIDPI_IMAGES = YES;
				CURRENT_PROJECT_VERSION = 1;
				DEFINES_MODULE = YES;
				DYLIB_COMPATIBILITY_VERSION = 1;
				DYLIB_CURRENT_VERSION = 1;
				DYLIB_INSTALL_NAME_BASE = "@rpath";
				GENERATE_INFOPLIST_FILE = YES;
				INFOPLIST_KEY_NSHumanReadableCopyright = "";
				INSTALL_PATH = "$(LOCAL_LIBRARY_DIR)/Frameworks";
				LD_RUNPATH_SEARCH_PATHS = (
					"$(inherited)",
					"@executable_path/../Frameworks",
					"@loader_path/Frameworks",
				);
				MARKETING_VERSION = 1.0;
				PRODUCT_BUNDLE_IDENTIFIER = com.kittisakphetrungnapha.EssentialFeed;
				PRODUCT_NAME = "$(TARGET_NAME:c99extidentifier)";
				SKIP_INSTALL = YES;
				SWIFT_EMIT_LOC_STRINGS = YES;
				SWIFT_OPTIMIZATION_LEVEL = "-Onone";
				SWIFT_VERSION = 5.0;
			};
			name = Debug;
		};
		B43C123E27FD97FA00ED9929 /* Release */ = {
			isa = XCBuildConfiguration;
			buildSettings = {
				CLANG_ENABLE_MODULES = YES;
				CODE_SIGN_STYLE = Automatic;
				COMBINE_HIDPI_IMAGES = YES;
				CURRENT_PROJECT_VERSION = 1;
				DEFINES_MODULE = YES;
				DYLIB_COMPATIBILITY_VERSION = 1;
				DYLIB_CURRENT_VERSION = 1;
				DYLIB_INSTALL_NAME_BASE = "@rpath";
				GENERATE_INFOPLIST_FILE = YES;
				INFOPLIST_KEY_NSHumanReadableCopyright = "";
				INSTALL_PATH = "$(LOCAL_LIBRARY_DIR)/Frameworks";
				LD_RUNPATH_SEARCH_PATHS = (
					"$(inherited)",
					"@executable_path/../Frameworks",
					"@loader_path/Frameworks",
				);
				MARKETING_VERSION = 1.0;
				PRODUCT_BUNDLE_IDENTIFIER = com.kittisakphetrungnapha.EssentialFeed;
				PRODUCT_NAME = "$(TARGET_NAME:c99extidentifier)";
				SKIP_INSTALL = YES;
				SWIFT_EMIT_LOC_STRINGS = YES;
				SWIFT_VERSION = 5.0;
			};
			name = Release;
		};
		B43C124027FD97FA00ED9929 /* Debug */ = {
			isa = XCBuildConfiguration;
			buildSettings = {
				ALWAYS_EMBED_SWIFT_STANDARD_LIBRARIES = YES;
				CODE_SIGN_STYLE = Automatic;
				CURRENT_PROJECT_VERSION = 1;
				GENERATE_INFOPLIST_FILE = YES;
				MARKETING_VERSION = 1.0;
				PRODUCT_BUNDLE_IDENTIFIER = com.kittisakphetrungnapha.EssentialFeedTests;
				PRODUCT_NAME = "$(TARGET_NAME)";
				SWIFT_EMIT_LOC_STRINGS = NO;
				SWIFT_VERSION = 5.0;
			};
			name = Debug;
		};
		B43C124127FD97FA00ED9929 /* Release */ = {
			isa = XCBuildConfiguration;
			buildSettings = {
				ALWAYS_EMBED_SWIFT_STANDARD_LIBRARIES = YES;
				CODE_SIGN_STYLE = Automatic;
				CURRENT_PROJECT_VERSION = 1;
				GENERATE_INFOPLIST_FILE = YES;
				MARKETING_VERSION = 1.0;
				PRODUCT_BUNDLE_IDENTIFIER = com.kittisakphetrungnapha.EssentialFeedTests;
				PRODUCT_NAME = "$(TARGET_NAME)";
				SWIFT_EMIT_LOC_STRINGS = NO;
				SWIFT_VERSION = 5.0;
			};
			name = Release;
		};
/* End XCBuildConfiguration section */

/* Begin XCConfigurationList section */
		B41C79CC2805647C00DE4AAB /* Build configuration list for PBXNativeTarget "EssentialFeedAPIEndToEndTests" */ = {
			isa = XCConfigurationList;
			buildConfigurations = (
				B41C79CA2805647C00DE4AAB /* Debug */,
				B41C79CB2805647C00DE4AAB /* Release */,
			);
			defaultConfigurationIsVisible = 0;
			defaultConfigurationName = Release;
		};
		B43C122427FD97FA00ED9929 /* Build configuration list for PBXProject "EssentialFeed" */ = {
			isa = XCConfigurationList;
			buildConfigurations = (
				B43C123A27FD97FA00ED9929 /* Debug */,
				B43C123B27FD97FA00ED9929 /* Release */,
			);
			defaultConfigurationIsVisible = 0;
			defaultConfigurationName = Release;
		};
		B43C123C27FD97FA00ED9929 /* Build configuration list for PBXNativeTarget "EssentialFeed" */ = {
			isa = XCConfigurationList;
			buildConfigurations = (
				B43C123D27FD97FA00ED9929 /* Debug */,
				B43C123E27FD97FA00ED9929 /* Release */,
			);
			defaultConfigurationIsVisible = 0;
			defaultConfigurationName = Release;
		};
		B43C123F27FD97FA00ED9929 /* Build configuration list for PBXNativeTarget "EssentialFeedTests" */ = {
			isa = XCConfigurationList;
			buildConfigurations = (
				B43C124027FD97FA00ED9929 /* Debug */,
				B43C124127FD97FA00ED9929 /* Release */,
			);
			defaultConfigurationIsVisible = 0;
			defaultConfigurationName = Release;
		};
/* End XCConfigurationList section */
	};
	rootObject = B43C122127FD97FA00ED9929 /* Project object */;
}
